
Microsoft Visual Studio Solution File, Format Version 12.00
# Visual Studio Version 17
VisualStudioVersion = 17.3.32819.101
MinimumVisualStudioVersion = 10.0.40219.1
Project("{9A19103F-16F7-4668-BE54-9A1E7A4F7556}") = "PageObjectsLib", "PageObjectsLib\PageObjectsLib.csproj", "{66B92355-4610-4272-B6C8-E348C7DA70A0}"
EndProject
Project("{9A19103F-16F7-4668-BE54-9A1E7A4F7556}") = "Tests", "Tests\Tests.csproj", "{319C02D8-2F97-4699-B837-C124D193BA15}"
EndProject
Global
	GlobalSection(SolutionConfigurationPlatforms) = preSolution
		Debug|Any CPU = Debug|Any CPU
		Release|Any CPU = Release|Any CPU
	EndGlobalSection
	GlobalSection(ProjectConfigurationPlatforms) = postSolution
		{66B92355-4610-4272-B6C8-E348C7DA70A0}.Debug|Any CPU.ActiveCfg = Debug|Any CPU
		{66B92355-4610-4272-B6C8-E348C7DA70A0}.Debug|Any CPU.Build.0 = Debug|Any CPU
		{66B92355-4610-4272-B6C8-E348C7DA70A0}.Release|Any CPU.ActiveCfg = Release|Any CPU
		{66B92355-4610-4272-B6C8-E348C7DA70A0}.Release|Any CPU.Build.0 = Release|Any CPU
		{319C02D8-2F97-4699-B837-C124D193BA15}.Debug|Any CPU.ActiveCfg = Debug|Any CPU
		{319C02D8-2F97-4699-B837-C124D193BA15}.Debug|Any CPU.Build.0 = Debug|Any CPU
		{319C02D8-2F97-4699-B837-C124D193BA15}.Release|Any CPU.ActiveCfg = Release|Any CPU
		{319C02D8-2F97-4699-B837-C124D193BA15}.Release|Any CPU.Build.0 = Release|Any CPU
	EndGlobalSection
	GlobalSection(SolutionProperties) = preSolution
		HideSolutionNode = FALSE
	EndGlobalSection
	GlobalSection(ExtensibilityGlobals) = postSolution
		SolutionGuid = {ADB42D0B-19D6-425A-B8E5-D098CF0BC857}
	EndGlobalSection
EndGlobal
